// !$*UTF8*$!
{
	archiveVersion = 1;
	classes = {
	};
	objectVersion = 46;
	objects = {

/* Begin PBXBuildFile section */
		700CB3FA1DDFEE82002890D6 /* AppDelegate.swift in Sources */ = {isa = PBXBuildFile; fileRef = 700CB3F91DDFEE82002890D6 /* AppDelegate.swift */; };
		700CB3FC1DDFEE82002890D6 /* PeopleVC.swift in Sources */ = {isa = PBXBuildFile; fileRef = 700CB3FB1DDFEE82002890D6 /* PeopleVC.swift */; };
		700CB3FF1DDFEE82002890D6 /* Main.storyboard in Resources */ = {isa = PBXBuildFile; fileRef = 700CB3FD1DDFEE82002890D6 /* Main.storyboard */; };
		700CB4011DDFEE82002890D6 /* Assets.xcassets in Resources */ = {isa = PBXBuildFile; fileRef = 700CB4001DDFEE82002890D6 /* Assets.xcassets */; };
		700CB4041DDFEE82002890D6 /* LaunchScreen.storyboard in Resources */ = {isa = PBXBuildFile; fileRef = 700CB4021DDFEE82002890D6 /* LaunchScreen.storyboard */; };
		700FC3A11DE0CEFD004F8922 /* DB.swift in Sources */ = {isa = PBXBuildFile; fileRef = 700FC3A01DE0CEFD004F8922 /* DB.swift */; };
		700FC3A31DE0D2A9004F8922 /* Person.swift in Sources */ = {isa = PBXBuildFile; fileRef = 700FC3A21DE0D2A9004F8922 /* Person.swift */; };
		700FC3A51DE0D2E7004F8922 /* Column.swift in Sources */ = {isa = PBXBuildFile; fileRef = 700FC3A41DE0D2E7004F8922 /* Column.swift */; };
		700FC3A71DE0D467004F8922 /* Post.swift in Sources */ = {isa = PBXBuildFile; fileRef = 700FC3A61DE0D467004F8922 /* Post.swift */; };
		700FC3AE1DE0E092004F8922 /* test.sqlite3 in Resources */ = {isa = PBXBuildFile; fileRef = 700FC3AC1DE0E092004F8922 /* test.sqlite3 */; };
		700FC3B01DE1171B004F8922 /* PersonCell.swift in Sources */ = {isa = PBXBuildFile; fileRef = 700FC3AF1DE1171B004F8922 /* PersonCell.swift */; };
		700FC3B21DE11E02004F8922 /* PersonVC.swift in Sources */ = {isa = PBXBuildFile; fileRef = 700FC3B11DE11E02004F8922 /* PersonVC.swift */; };
		700FC3B41DE125AD004F8922 /* PostCell.swift in Sources */ = {isa = PBXBuildFile; fileRef = 700FC3B31DE125AD004F8922 /* PostCell.swift */; };
		F9CEB8375B9084FD13F5ECDD /* Pods_Learning_SQLite.framework in Frameworks */ = {isa = PBXBuildFile; fileRef = 7F9F62A4A1FC4A467D49A91D /* Pods_Learning_SQLite.framework */; };
/* End PBXBuildFile section */

/* Begin PBXFileReference section */
		18FF2030236EAFA26CF90A89 /* Pods-Learning-SQLite.release.xcconfig */ = {isa = PBXFileReference; includeInIndex = 1; lastKnownFileType = text.xcconfig; name = "Pods-Learning-SQLite.release.xcconfig"; path = "Pods/Target Support Files/Pods-Learning-SQLite/Pods-Learning-SQLite.release.xcconfig"; sourceTree = "<group>"; };
		319BD2EDEDD515011F887880 /* Pods-Learning-SQLite.debug.xcconfig */ = {isa = PBXFileReference; includeInIndex = 1; lastKnownFileType = text.xcconfig; name = "Pods-Learning-SQLite.debug.xcconfig"; path = "Pods/Target Support Files/Pods-Learning-SQLite/Pods-Learning-SQLite.debug.xcconfig"; sourceTree = "<group>"; };
		700CB3F61DDFEE82002890D6 /* Learning-SQLite.app */ = {isa = PBXFileReference; explicitFileType = wrapper.application; includeInIndex = 0; path = "Learning-SQLite.app"; sourceTree = BUILT_PRODUCTS_DIR; };
		700CB3F91DDFEE82002890D6 /* AppDelegate.swift */ = {isa = PBXFileReference; lastKnownFileType = sourcecode.swift; path = AppDelegate.swift; sourceTree = "<group>"; };
		700CB3FB1DDFEE82002890D6 /* PeopleVC.swift */ = {isa = PBXFileReference; lastKnownFileType = sourcecode.swift; path = PeopleVC.swift; sourceTree = "<group>"; };
		700CB3FE1DDFEE82002890D6 /* Base */ = {isa = PBXFileReference; lastKnownFileType = file.storyboard; name = Base; path = Base.lproj/Main.storyboard; sourceTree = "<group>"; };
		700CB4001DDFEE82002890D6 /* Assets.xcassets */ = {isa = PBXFileReference; lastKnownFileType = folder.assetcatalog; path = Assets.xcassets; sourceTree = "<group>"; };
		700CB4031DDFEE82002890D6 /* Base */ = {isa = PBXFileReference; lastKnownFileType = file.storyboard; name = Base; path = Base.lproj/LaunchScreen.storyboard; sourceTree = "<group>"; };
		700CB4051DDFEE82002890D6 /* Info.plist */ = {isa = PBXFileReference; lastKnownFileType = text.plist.xml; path = Info.plist; sourceTree = "<group>"; };
		700FC3A01DE0CEFD004F8922 /* DB.swift */ = {isa = PBXFileReference; fileEncoding = 4; lastKnownFileType = sourcecode.swift; path = DB.swift; sourceTree = "<group>"; };
		700FC3A21DE0D2A9004F8922 /* Person.swift */ = {isa = PBXFileReference; fileEncoding = 4; lastKnownFileType = sourcecode.swift; path = Person.swift; sourceTree = "<group>"; };
		700FC3A41DE0D2E7004F8922 /* Column.swift */ = {isa = PBXFileReference; fileEncoding = 4; lastKnownFileType = sourcecode.swift; path = Column.swift; sourceTree = "<group>"; };
		700FC3A61DE0D467004F8922 /* Post.swift */ = {isa = PBXFileReference; fileEncoding = 4; lastKnownFileType = sourcecode.swift; path = Post.swift; sourceTree = "<group>"; };
		700FC3AC1DE0E092004F8922 /* test.sqlite3 */ = {isa = PBXFileReference; lastKnownFileType = file; name = test.sqlite3; path = "Learning-SQLite/test.sqlite3"; sourceTree = "<group>"; };
		700FC3AF1DE1171B004F8922 /* PersonCell.swift */ = {isa = PBXFileReference; fileEncoding = 4; lastKnownFileType = sourcecode.swift; path = PersonCell.swift; sourceTree = "<group>"; };
		700FC3B11DE11E02004F8922 /* PersonVC.swift */ = {isa = PBXFileReference; fileEncoding = 4; lastKnownFileType = sourcecode.swift; path = PersonVC.swift; sourceTree = "<group>"; };
		700FC3B31DE125AD004F8922 /* PostCell.swift */ = {isa = PBXFileReference; fileEncoding = 4; lastKnownFileType = sourcecode.swift; path = PostCell.swift; sourceTree = "<group>"; };
		7F9F62A4A1FC4A467D49A91D /* Pods_Learning_SQLite.framework */ = {isa = PBXFileReference; explicitFileType = wrapper.framework; includeInIndex = 0; path = Pods_Learning_SQLite.framework; sourceTree = BUILT_PRODUCTS_DIR; };
/* End PBXFileReference section */

/* Begin PBXFrameworksBuildPhase section */
		700CB3F31DDFEE82002890D6 /* Frameworks */ = {
			isa = PBXFrameworksBuildPhase;
			buildActionMask = 2147483647;
			files = (
				F9CEB8375B9084FD13F5ECDD /* Pods_Learning_SQLite.framework in Frameworks */,
			);
			runOnlyForDeploymentPostprocessing = 0;
		};
/* End PBXFrameworksBuildPhase section */

/* Begin PBXGroup section */
		279268909F202244074FE086 /* Pods */ = {
			isa = PBXGroup;
			children = (
				319BD2EDEDD515011F887880 /* Pods-Learning-SQLite.debug.xcconfig */,
				18FF2030236EAFA26CF90A89 /* Pods-Learning-SQLite.release.xcconfig */,
			);
			name = Pods;
			sourceTree = "<group>";
		};
		700CB3ED1DDFEE82002890D6 = {
			isa = PBXGroup;
			children = (
				700FC3AD1DE0E092004F8922 /* Database */,
				700CB3F81DDFEE82002890D6 /* Learning-SQLite */,
				700CB3F71DDFEE82002890D6 /* Products */,
				279268909F202244074FE086 /* Pods */,
				DEB59D83CBA1FE23F21C1177 /* Frameworks */,
			);
			sourceTree = "<group>";
		};
		700CB3F71DDFEE82002890D6 /* Products */ = {
			isa = PBXGroup;
			children = (
				700CB3F61DDFEE82002890D6 /* Learning-SQLite.app */,
			);
			name = Products;
			sourceTree = "<group>";
		};
		700CB3F81DDFEE82002890D6 /* Learning-SQLite */ = {
			isa = PBXGroup;
			children = (
				700FC39D1DE0C9F2004F8922 /* Model */,
				700FC3AA1DE0DF2D004F8922 /* View */,
				700FC3A91DE0DF1C004F8922 /* Controller */,
				700FC3A81DE0DEE7004F8922 /* Supporting */,
			);
			path = "Learning-SQLite";
			sourceTree = "<group>";
		};
		700FC39D1DE0C9F2004F8922 /* Model */ = {
			isa = PBXGroup;
			children = (
				700FC3A01DE0CEFD004F8922 /* DB.swift */,
				700FC3A41DE0D2E7004F8922 /* Column.swift */,
				700FC3A21DE0D2A9004F8922 /* Person.swift */,
				700FC3A61DE0D467004F8922 /* Post.swift */,
			);
			name = Model;
			sourceTree = "<group>";
		};
		700FC3A81DE0DEE7004F8922 /* Supporting */ = {
			isa = PBXGroup;
			children = (
				700CB4021DDFEE82002890D6 /* LaunchScreen.storyboard */,
				700CB3F91DDFEE82002890D6 /* AppDelegate.swift */,
				700CB4001DDFEE82002890D6 /* Assets.xcassets */,
				700CB4051DDFEE82002890D6 /* Info.plist */,
			);
			name = Supporting;
			sourceTree = "<group>";
		};
		700FC3A91DE0DF1C004F8922 /* Controller */ = {
			isa = PBXGroup;
			children = (
				700CB3FB1DDFEE82002890D6 /* PeopleVC.swift */,
				700FC3B11DE11E02004F8922 /* PersonVC.swift */,
			);
			name = Controller;
			sourceTree = "<group>";
		};
		700FC3AA1DE0DF2D004F8922 /* View */ = {
			isa = PBXGroup;
			children = (
				700CB3FD1DDFEE82002890D6 /* Main.storyboard */,
				700FC3AF1DE1171B004F8922 /* PersonCell.swift */,
				700FC3B31DE125AD004F8922 /* PostCell.swift */,
			);
			name = View;
			sourceTree = "<group>";
		};
		700FC3AD1DE0E092004F8922 /* Database */ = {
			isa = PBXGroup;
			children = (
				700FC3AC1DE0E092004F8922 /* test.sqlite3 */,
			);
			name = Database;
			sourceTree = "<group>";
		};
		DEB59D83CBA1FE23F21C1177 /* Frameworks */ = {
			isa = PBXGroup;
			children = (
				7F9F62A4A1FC4A467D49A91D /* Pods_Learning_SQLite.framework */,
			);
			name = Frameworks;
			sourceTree = "<group>";
		};
/* End PBXGroup section */

/* Begin PBXNativeTarget section */
		700CB3F51DDFEE82002890D6 /* Learning-SQLite */ = {
			isa = PBXNativeTarget;
			buildConfigurationList = 700CB4081DDFEE82002890D6 /* Build configuration list for PBXNativeTarget "Learning-SQLite" */;
			buildPhases = (
				55993ADDFD7C8338E5B48848 /* [CP] Check Pods Manifest.lock */,
				700CB3F21DDFEE82002890D6 /* Sources */,
				700CB3F31DDFEE82002890D6 /* Frameworks */,
				700CB3F41DDFEE82002890D6 /* Resources */,
				B4F815F2E63EF5FEFD5E7891 /* [CP] Embed Pods Frameworks */,
				6E090171E0B022C35B8225BF /* [CP] Copy Pods Resources */,
			);
			buildRules = (
			);
			dependencies = (
			);
			name = "Learning-SQLite";
			productName = "Learning-SQLite";
			productReference = 700CB3F61DDFEE82002890D6 /* Learning-SQLite.app */;
			productType = "com.apple.product-type.application";
		};
/* End PBXNativeTarget section */

/* Begin PBXProject section */
		700CB3EE1DDFEE82002890D6 /* Project object */ = {
			isa = PBXProject;
			attributes = {
				LastSwiftUpdateCheck = 0810;
				LastUpgradeCheck = 0810;
				ORGANIZATIONNAME = "Michael Malotte";
				TargetAttributes = {
					700CB3F51DDFEE82002890D6 = {
						CreatedOnToolsVersion = 8.1;
						DevelopmentTeam = RCU7NCNSGM;
						ProvisioningStyle = Automatic;
					};
				};
			};
			buildConfigurationList = 700CB3F11DDFEE82002890D6 /* Build configuration list for PBXProject "Learning-SQLite" */;
			compatibilityVersion = "Xcode 3.2";
			developmentRegion = English;
			hasScannedForEncodings = 0;
			knownRegions = (
				en,
				Base,
			);
			mainGroup = 700CB3ED1DDFEE82002890D6;
			productRefGroup = 700CB3F71DDFEE82002890D6 /* Products */;
			projectDirPath = "";
			projectRoot = "";
			targets = (
				700CB3F51DDFEE82002890D6 /* Learning-SQLite */,
			);
		};
/* End PBXProject section */

/* Begin PBXResourcesBuildPhase section */
		700CB3F41DDFEE82002890D6 /* Resources */ = {
			isa = PBXResourcesBuildPhase;
			buildActionMask = 2147483647;
			files = (
				700CB4041DDFEE82002890D6 /* LaunchScreen.storyboard in Resources */,
				700CB4011DDFEE82002890D6 /* Assets.xcassets in Resources */,
				700CB3FF1DDFEE82002890D6 /* Main.storyboard in Resources */,
				700FC3AE1DE0E092004F8922 /* test.sqlite3 in Resources */,
			);
			runOnlyForDeploymentPostprocessing = 0;
		};
/* End PBXResourcesBuildPhase section */

/* Begin PBXShellScriptBuildPhase section */
		55993ADDFD7C8338E5B48848 /* [CP] Check Pods Manifest.lock */ = {
			isa = PBXShellScriptBuildPhase;
			buildActionMask = 2147483647;
			files = (
			);
			inputPaths = (
			);
			name = "[CP] Check Pods Manifest.lock";
			outputPaths = (
			);
			runOnlyForDeploymentPostprocessing = 0;
			shellPath = /bin/sh;
			shellScript = "diff \"${PODS_ROOT}/../Podfile.lock\" \"${PODS_ROOT}/Manifest.lock\" > /dev/null\nif [ $? != 0 ] ; then\n    # print error to STDERR\n    echo \"error: The sandbox is not in sync with the Podfile.lock. Run 'pod install' or update your CocoaPods installation.\" >&2\n    exit 1\nfi\n";
			showEnvVarsInLog = 0;
		};
		6E090171E0B022C35B8225BF /* [CP] Copy Pods Resources */ = {
			isa = PBXShellScriptBuildPhase;
			buildActionMask = 2147483647;
			files = (
			);
			inputPaths = (
			);
			name = "[CP] Copy Pods Resources";
			outputPaths = (
			);
			runOnlyForDeploymentPostprocessing = 0;
			shellPath = /bin/sh;
			shellScript = "\"${SRCROOT}/Pods/Target Support Files/Pods-Learning-SQLite/Pods-Learning-SQLite-resources.sh\"\n";
			showEnvVarsInLog = 0;
		};
		B4F815F2E63EF5FEFD5E7891 /* [CP] Embed Pods Frameworks */ = {
			isa = PBXShellScriptBuildPhase;
			buildActionMask = 2147483647;
			files = (
			);
			inputPaths = (
			);
			name = "[CP] Embed Pods Frameworks";
			outputPaths = (
			);
			runOnlyForDeploymentPostprocessing = 0;
			shellPath = /bin/sh;
			shellScript = "\"${SRCROOT}/Pods/Target Support Files/Pods-Learning-SQLite/Pods-Learning-SQLite-frameworks.sh\"\n";
			showEnvVarsInLog = 0;
		};
/* End PBXShellScriptBuildPhase section */

/* Begin PBXSourcesBuildPhase section */
		700CB3F21DDFEE82002890D6 /* Sources */ = {
			isa = PBXSourcesBuildPhase;
			buildActionMask = 2147483647;
			files = (
				700FC3A31DE0D2A9004F8922 /* Person.swift in Sources */,
				700FC3B21DE11E02004F8922 /* PersonVC.swift in Sources */,
				700CB3FC1DDFEE82002890D6 /* PeopleVC.swift in Sources */,
				700CB3FA1DDFEE82002890D6 /* AppDelegate.swift in Sources */,
				700FC3A11DE0CEFD004F8922 /* DB.swift in Sources */,
				700FC3B41DE125AD004F8922 /* PostCell.swift in Sources */,
				700FC3A71DE0D467004F8922 /* Post.swift in Sources */,
				700FC3A51DE0D2E7004F8922 /* Column.swift in Sources */,
				700FC3B01DE1171B004F8922 /* PersonCell.swift in Sources */,
			);
			runOnlyForDeploymentPostprocessing = 0;
		};
/* End PBXSourcesBuildPhase section */

/* Begin PBXVariantGroup section */
		700CB3FD1DDFEE82002890D6 /* Main.storyboard */ = {
			isa = PBXVariantGroup;
			children = (
				700CB3FE1DDFEE82002890D6 /* Base */,
			);
			name = Main.storyboard;
			sourceTree = "<group>";
		};
		700CB4021DDFEE82002890D6 /* LaunchScreen.storyboard */ = {
			isa = PBXVariantGroup;
			children = (
				700CB4031DDFEE82002890D6 /* Base */,
			);
			name = LaunchScreen.storyboard;
			sourceTree = "<group>";
		};
/* End PBXVariantGroup section */

/* Begin XCBuildConfiguration section */
		700CB4061DDFEE82002890D6 /* Debug */ = {
			isa = XCBuildConfiguration;
			buildSettings = {
				ALWAYS_SEARCH_USER_PATHS = NO;
				CLANG_ANALYZER_NONNULL = YES;
				CLANG_CXX_LANGUAGE_STANDARD = "gnu++0x";
				CLANG_CXX_LIBRARY = "libc++";
				CLANG_ENABLE_MODULES = YES;
				CLANG_ENABLE_OBJC_ARC = YES;
				CLANG_WARN_BOOL_CONVERSION = YES;
				CLANG_WARN_CONSTANT_CONVERSION = YES;
				CLANG_WARN_DIRECT_OBJC_ISA_USAGE = YES_ERROR;
				CLANG_WARN_DOCUMENTATION_COMMENTS = YES;
				CLANG_WARN_EMPTY_BODY = YES;
				CLANG_WARN_ENUM_CONVERSION = YES;
				CLANG_WARN_INFINITE_RECURSION = YES;
				CLANG_WARN_INT_CONVERSION = YES;
				CLANG_WARN_OBJC_ROOT_CLASS = YES_ERROR;
				CLANG_WARN_SUSPICIOUS_MOVES = YES;
				CLANG_WARN_UNREACHABLE_CODE = YES;
				CLANG_WARN__DUPLICATE_METHOD_MATCH = YES;
				"CODE_SIGN_IDENTITY[sdk=iphoneos*]" = "iPhone Developer";
				COPY_PHASE_STRIP = NO;
				DEBUG_INFORMATION_FORMAT = dwarf;
				ENABLE_STRICT_OBJC_MSGSEND = YES;
				ENABLE_TESTABILITY = YES;
				GCC_C_LANGUAGE_STANDARD = gnu99;
				GCC_DYNAMIC_NO_PIC = NO;
				GCC_NO_COMMON_BLOCKS = YES;
				GCC_OPTIMIZATION_LEVEL = 0;
				GCC_PREPROCESSOR_DEFINITIONS = (
					"DEBUG=1",
					"$(inherited)",
				);
				GCC_WARN_64_TO_32_BIT_CONVERSION = YES;
				GCC_WARN_ABOUT_RETURN_TYPE = YES_ERROR;
				GCC_WARN_UNDECLARED_SELECTOR = YES;
				GCC_WARN_UNINITIALIZED_AUTOS = YES_AGGRESSIVE;
				GCC_WARN_UNUSED_FUNCTION = YES;
				GCC_WARN_UNUSED_VARIABLE = YES;
				IPHONEOS_DEPLOYMENT_TARGET = 10.1;
				MTL_ENABLE_DEBUG_INFO = YES;
				ONLY_ACTIVE_ARCH = YES;
				SDKROOT = iphoneos;
				SWIFT_ACTIVE_COMPILATION_CONDITIONS = DEBUG;
				SWIFT_OPTIMIZATION_LEVEL = "-Onone";
				VALIDATE_PRODUCT = YES;
			};
			name = Debug;
		};
		700CB4071DDFEE82002890D6 /* Release */ = {
			isa = XCBuildConfiguration;
			buildSettings = {
				ALWAYS_SEARCH_USER_PATHS = NO;
				CLANG_ANALYZER_NONNULL = YES;
				CLANG_CXX_LANGUAGE_STANDARD = "gnu++0x";
				CLANG_CXX_LIBRARY = "libc++";
				CLANG_ENABLE_MODULES = YES;
				CLANG_ENABLE_OBJC_ARC = YES;
				CLANG_WARN_BOOL_CONVERSION = YES;
				CLANG_WARN_CONSTANT_CONVERSION = YES;
				CLANG_WARN_DIRECT_OBJC_ISA_USAGE = YES_ERROR;
				CLANG_WARN_DOCUMENTATION_COMMENTS = YES;
				CLANG_WARN_EMPTY_BODY = YES;
				CLANG_WARN_ENUM_CONVERSION = YES;
				CLANG_WARN_INFINITE_RECURSION = YES;
				CLANG_WARN_INT_CONVERSION = YES;
				CLANG_WARN_OBJC_ROOT_CLASS = YES_ERROR;
				CLANG_WARN_SUSPICIOUS_MOVES = YES;
				CLANG_WARN_UNREACHABLE_CODE = YES;
				CLANG_WARN__DUPLICATE_METHOD_MATCH = YES;
				"CODE_SIGN_IDENTITY[sdk=iphoneos*]" = "iPhone Developer";
				COPY_PHASE_STRIP = NO;
				DEBUG_INFORMATION_FORMAT = "dwarf-with-dsym";
				ENABLE_NS_ASSERTIONS = NO;
				ENABLE_STRICT_OBJC_MSGSEND = YES;
				GCC_C_LANGUAGE_STANDARD = gnu99;
				GCC_NO_COMMON_BLOCKS = YES;
				GCC_WARN_64_TO_32_BIT_CONVERSION = YES;
				GCC_WARN_ABOUT_RETURN_TYPE = YES_ERROR;
				GCC_WARN_UNDECLARED_SELECTOR = YES;
				GCC_WARN_UNINITIALIZED_AUTOS = YES_AGGRESSIVE;
				GCC_WARN_UNUSED_FUNCTION = YES;
				GCC_WARN_UNUSED_VARIABLE = YES;
				IPHONEOS_DEPLOYMENT_TARGET = 10.1;
				MTL_ENABLE_DEBUG_INFO = NO;
				ONLY_ACTIVE_ARCH = YES;
				SDKROOT = iphoneos;
				SWIFT_OPTIMIZATION_LEVEL = "-Owholemodule";
				VALIDATE_PRODUCT = NO;
			};
			name = Release;
		};
		700CB4091DDFEE82002890D6 /* Debug */ = {
			isa = XCBuildConfiguration;
			baseConfigurationReference = 319BD2EDEDD515011F887880 /* Pods-Learning-SQLite.debug.xcconfig */;
			buildSettings = {
				ASSETCATALOG_COMPILER_APPICON_NAME = AppIcon;
				DEVELOPMENT_TEAM = RCU7NCNSGM;
				INFOPLIST_FILE = "Learning-SQLite/Info.plist";
				LD_RUNPATH_SEARCH_PATHS = "$(inherited) @executable_path/Frameworks";
				PRODUCT_BUNDLE_IDENTIFIER = "com.mjm.Learning-SQLite";
				PRODUCT_NAME = "$(TARGET_NAME)";
				SWIFT_VERSION = 3.0;
			};
			name = Debug;
		};
		700CB40A1DDFEE82002890D6 /* Release */ = {
			isa = XCBuildConfiguration;
			baseConfigurationReference = 18FF2030236EAFA26CF90A89 /* Pods-Learning-SQLite.release.xcconfig */;
			buildSettings = {
				ASSETCATALOG_COMPILER_APPICON_NAME = AppIcon;
				DEVELOPMENT_TEAM = RCU7NCNSGM;
				INFOPLIST_FILE = "Learning-SQLite/Info.plist";
				LD_RUNPATH_SEARCH_PATHS = "$(inherited) @executable_path/Frameworks";
				PRODUCT_BUNDLE_IDENTIFIER = "com.mjm.Learning-SQLite";
				PRODUCT_NAME = "$(TARGET_NAME)";
				SWIFT_VERSION = 3.0;
			};
			name = Release;
		};
/* End XCBuildConfiguration section */

/* Begin XCConfigurationList section */
		700CB3F11DDFEE82002890D6 /* Build configuration list for PBXProject "Learning-SQLite" */ = {
			isa = XCConfigurationList;
			buildConfigurations = (
				700CB4061DDFEE82002890D6 /* Debug */,
				700CB4071DDFEE82002890D6 /* Release */,
			);
			defaultConfigurationIsVisible = 0;
			defaultConfigurationName = Release;
		};
		700CB4081DDFEE82002890D6 /* Build configuration list for PBXNativeTarget "Learning-SQLite" */ = {
			isa = XCConfigurationList;
			buildConfigurations = (
				700CB4091DDFEE82002890D6 /* Debug */,
				700CB40A1DDFEE82002890D6 /* Release */,
			);
			defaultConfigurationIsVisible = 0;
			defaultConfigurationName = Release;
		};
/* End XCConfigurationList section */
	};
	rootObject = 700CB3EE1DDFEE82002890D6 /* Project object */;
}
